
Microsoft Visual Studio Solution File, Format Version 12.00
# Visual Studio 15
VisualStudioVersion = 15.0.28010.2036
MinimumVisualStudioVersion = 10.0.40219.1
Project("{00D1A9C2-B5F0-4AF3-8072-F6C62B433612}") = "SlurpDB", "Slurp\SlurpDB.sqlproj", "{0C2E356F-60DE-4070-88A4-50EB48F9748C}"
EndProject
Project("{FAE04EC0-301F-11D3-BF4B-00C04F79EFBC}") = "SlurpCMD", "SlurpCMD\SlurpCMD.csproj", "{7D2FC0C5-E710-4157-8FEF-7F6C024C26CA}"
EndProject
Project("{FAE04EC0-301F-11D3-BF4B-00C04F79EFBC}") = "SlurpTEST", "SlurpTEST\SlurpTEST.csproj", "{934E02E9-F02B-4BC8-AE68-B355A9D80F7B}"
EndProject
Global
	GlobalSection(SolutionConfigurationPlatforms) = preSolution
		Debug|Any CPU = Debug|Any CPU
		Release|Any CPU = Release|Any CPU
	EndGlobalSection
	GlobalSection(ProjectConfigurationPlatforms) = postSolution
		{0C2E356F-60DE-4070-88A4-50EB48F9748C}.Debug|Any CPU.ActiveCfg = Debug|Any CPU
		{0C2E356F-60DE-4070-88A4-50EB48F9748C}.Debug|Any CPU.Build.0 = Debug|Any CPU
		{0C2E356F-60DE-4070-88A4-50EB48F9748C}.Debug|Any CPU.Deploy.0 = Debug|Any CPU
		{0C2E356F-60DE-4070-88A4-50EB48F9748C}.Release|Any CPU.ActiveCfg = Release|Any CPU
		{0C2E356F-60DE-4070-88A4-50EB48F9748C}.Release|Any CPU.Build.0 = Release|Any CPU
		{0C2E356F-60DE-4070-88A4-50EB48F9748C}.Release|Any CPU.Deploy.0 = Release|Any CPU
		{7D2FC0C5-E710-4157-8FEF-7F6C024C26CA}.Debug|Any CPU.ActiveCfg = Debug|Any CPU
		{7D2FC0C5-E710-4157-8FEF-7F6C024C26CA}.Debug|Any CPU.Build.0 = Debug|Any CPU
		{7D2FC0C5-E710-4157-8FEF-7F6C024C26CA}.Release|Any CPU.ActiveCfg = Release|Any CPU
		{7D2FC0C5-E710-4157-8FEF-7F6C024C26CA}.Release|Any CPU.Build.0 = Release|Any CPU
		{934E02E9-F02B-4BC8-AE68-B355A9D80F7B}.Debug|Any CPU.ActiveCfg = Debug|Any CPU
		{934E02E9-F02B-4BC8-AE68-B355A9D80F7B}.Debug|Any CPU.Build.0 = Debug|Any CPU
		{934E02E9-F02B-4BC8-AE68-B355A9D80F7B}.Release|Any CPU.ActiveCfg = Release|Any CPU
		{934E02E9-F02B-4BC8-AE68-B355A9D80F7B}.Release|Any CPU.Build.0 = Release|Any CPU
	EndGlobalSection
	GlobalSection(SolutionProperties) = preSolution
		HideSolutionNode = FALSE
	EndGlobalSection
	GlobalSection(ExtensibilityGlobals) = postSolution
		SolutionGuid = {3786061E-41A9-43BC-96ED-EF5F9E443A43}
	EndGlobalSection
EndGlobal
